
Microsoft Visual Studio Solution File, Format Version 12.00
# Visual Studio Version 17
VisualStudioVersion = 17.6.33829.357
MinimumVisualStudioVersion = 10.0.40219.1
Project("{9A19103F-16F7-4668-BE54-9A1E7A4F7556}") = "IPPaint", "IPPaint\IPPaint.csproj", "{80737924-E5A9-44FD-895E-CFA7CE1F70A3}"
EndProject
Global
	GlobalSection(SolutionConfigurationPlatforms) = preSolution
		Debug|Any CPU = Debug|Any CPU
		Release|Any CPU = Release|Any CPU
	EndGlobalSection
	GlobalSection(ProjectConfigurationPlatforms) = postSolution
		{80737924-E5A9-44FD-895E-CFA7CE1F70A3}.Debug|Any CPU.ActiveCfg = Debug|Any CPU
		{80737924-E5A9-44FD-895E-CFA7CE1F70A3}.Debug|Any CPU.Build.0 = Debug|Any CPU
		{80737924-E5A9-44FD-895E-CFA7CE1F70A3}.Release|Any CPU.ActiveCfg = Release|Any CPU
		{80737924-E5A9-44FD-895E-CFA7CE1F70A3}.Release|Any CPU.Build.0 = Release|Any CPU
	EndGlobalSection
	GlobalSection(SolutionProperties) = preSolution
		HideSolutionNode = FALSE
	EndGlobalSection
	GlobalSection(ExtensibilityGlobals) = postSolution
		SolutionGuid = {AA534001-AF28-4220-8625-DB2BA684D469}
	EndGlobalSection
EndGlobal
